// !$*UTF8*$!
{
	archiveVersion = 1;
	classes = {
	};
	objectVersion = 55;
	objects = {

/* Begin PBXBuildFile section */
		F5C0E29D27AA246A0012438E /* StartButtonView.swift in Sources */ = {isa = PBXBuildFile; fileRef = F5C0E29C27AA246A0012438E /* StartButtonView.swift */; };
		F5C0E29F27AA2C920012438E /* OnboardingView.swift in Sources */ = {isa = PBXBuildFile; fileRef = F5C0E29E27AA2C920012438E /* OnboardingView.swift */; };
		F5C0E2A227AA2DF60012438E /* FruitModel.swift in Sources */ = {isa = PBXBuildFile; fileRef = F5C0E2A127AA2DF60012438E /* FruitModel.swift */; };
		F5C0E2A527AA2EAF0012438E /* FruitData.swift in Sources */ = {isa = PBXBuildFile; fileRef = F5C0E2A427AA2EAF0012438E /* FruitData.swift */; };
		F5C0E2A727AA3CB90012438E /* FruitRowView.swift in Sources */ = {isa = PBXBuildFile; fileRef = F5C0E2A627AA3CB90012438E /* FruitRowView.swift */; };
		F5C0E2A927AA41690012438E /* FruitDetailView.swift in Sources */ = {isa = PBXBuildFile; fileRef = F5C0E2A827AA41690012438E /* FruitDetailView.swift */; };
		F5C8A02027AE00F300F33F28 /* FruitHeaderView.swift in Sources */ = {isa = PBXBuildFile; fileRef = F5C8A01F27AE00F300F33F28 /* FruitHeaderView.swift */; };
		F5C8A02227AE071800F33F28 /* SourceLinkView.swift in Sources */ = {isa = PBXBuildFile; fileRef = F5C8A02127AE071800F33F28 /* SourceLinkView.swift */; };
		F5C8A02427AE0A1900F33F28 /* FruitNutrientsView.swift in Sources */ = {isa = PBXBuildFile; fileRef = F5C8A02327AE0A1900F33F28 /* FruitNutrientsView.swift */; };
		F5C8A02627AE0EE600F33F28 /* SettingsView.swift in Sources */ = {isa = PBXBuildFile; fileRef = F5C8A02527AE0EE600F33F28 /* SettingsView.swift */; };
		F5C8A02827C9948000F33F28 /* SettingsLabelView.swift in Sources */ = {isa = PBXBuildFile; fileRef = F5C8A02727C9948000F33F28 /* SettingsLabelView.swift */; };
		F5C8A02A27C998D900F33F28 /* SettingsRowView.swift in Sources */ = {isa = PBXBuildFile; fileRef = F5C8A02927C998D900F33F28 /* SettingsRowView.swift */; };
		F5DAABB827A1F1F600C8144C /* FructusApp.swift in Sources */ = {isa = PBXBuildFile; fileRef = F5DAABB727A1F1F600C8144C /* FructusApp.swift */; };
		F5DAABBA27A1F1F600C8144C /* ContentView.swift in Sources */ = {isa = PBXBuildFile; fileRef = F5DAABB927A1F1F600C8144C /* ContentView.swift */; };
		F5DAABBC27A1F1F900C8144C /* Assets.xcassets in Resources */ = {isa = PBXBuildFile; fileRef = F5DAABBB27A1F1F900C8144C /* Assets.xcassets */; };
		F5DAABBF27A1F1F900C8144C /* Preview Assets.xcassets in Resources */ = {isa = PBXBuildFile; fileRef = F5DAABBE27A1F1F900C8144C /* Preview Assets.xcassets */; };
		F5DAABC827A1F52000C8144C /* FruitCardView.swift in Sources */ = {isa = PBXBuildFile; fileRef = F5DAABC727A1F52000C8144C /* FruitCardView.swift */; };
/* End PBXBuildFile section */

/* Begin PBXFileReference section */
		F5C0E29C27AA246A0012438E /* StartButtonView.swift */ = {isa = PBXFileReference; lastKnownFileType = sourcecode.swift; path = StartButtonView.swift; sourceTree = "<group>"; };
		F5C0E29E27AA2C920012438E /* OnboardingView.swift */ = {isa = PBXFileReference; lastKnownFileType = sourcecode.swift; path = OnboardingView.swift; sourceTree = "<group>"; };
		F5C0E2A127AA2DF60012438E /* FruitModel.swift */ = {isa = PBXFileReference; lastKnownFileType = sourcecode.swift; path = FruitModel.swift; sourceTree = "<group>"; };
		F5C0E2A427AA2EAF0012438E /* FruitData.swift */ = {isa = PBXFileReference; lastKnownFileType = sourcecode.swift; path = FruitData.swift; sourceTree = "<group>"; };
		F5C0E2A627AA3CB90012438E /* FruitRowView.swift */ = {isa = PBXFileReference; lastKnownFileType = sourcecode.swift; path = FruitRowView.swift; sourceTree = "<group>"; };
		F5C0E2A827AA41690012438E /* FruitDetailView.swift */ = {isa = PBXFileReference; lastKnownFileType = sourcecode.swift; path = FruitDetailView.swift; sourceTree = "<group>"; };
		F5C8A01F27AE00F300F33F28 /* FruitHeaderView.swift */ = {isa = PBXFileReference; lastKnownFileType = sourcecode.swift; path = FruitHeaderView.swift; sourceTree = "<group>"; };
		F5C8A02127AE071800F33F28 /* SourceLinkView.swift */ = {isa = PBXFileReference; lastKnownFileType = sourcecode.swift; path = SourceLinkView.swift; sourceTree = "<group>"; };
		F5C8A02327AE0A1900F33F28 /* FruitNutrientsView.swift */ = {isa = PBXFileReference; lastKnownFileType = sourcecode.swift; path = FruitNutrientsView.swift; sourceTree = "<group>"; };
		F5C8A02527AE0EE600F33F28 /* SettingsView.swift */ = {isa = PBXFileReference; lastKnownFileType = sourcecode.swift; path = SettingsView.swift; sourceTree = "<group>"; };
		F5C8A02727C9948000F33F28 /* SettingsLabelView.swift */ = {isa = PBXFileReference; lastKnownFileType = sourcecode.swift; path = SettingsLabelView.swift; sourceTree = "<group>"; };
		F5C8A02927C998D900F33F28 /* SettingsRowView.swift */ = {isa = PBXFileReference; lastKnownFileType = sourcecode.swift; path = SettingsRowView.swift; sourceTree = "<group>"; };
		F5DAABB427A1F1F600C8144C /* Fructus.app */ = {isa = PBXFileReference; explicitFileType = wrapper.application; includeInIndex = 0; path = Fructus.app; sourceTree = BUILT_PRODUCTS_DIR; };
		F5DAABB727A1F1F600C8144C /* FructusApp.swift */ = {isa = PBXFileReference; lastKnownFileType = sourcecode.swift; path = FructusApp.swift; sourceTree = "<group>"; };
		F5DAABB927A1F1F600C8144C /* ContentView.swift */ = {isa = PBXFileReference; lastKnownFileType = sourcecode.swift; path = ContentView.swift; sourceTree = "<group>"; };
		F5DAABBB27A1F1F900C8144C /* Assets.xcassets */ = {isa = PBXFileReference; lastKnownFileType = folder.assetcatalog; path = Assets.xcassets; sourceTree = "<group>"; };
		F5DAABBE27A1F1F900C8144C /* Preview Assets.xcassets */ = {isa = PBXFileReference; lastKnownFileType = folder.assetcatalog; path = "Preview Assets.xcassets"; sourceTree = "<group>"; };
		F5DAABC727A1F52000C8144C /* FruitCardView.swift */ = {isa = PBXFileReference; lastKnownFileType = sourcecode.swift; path = FruitCardView.swift; sourceTree = "<group>"; };
/* End PBXFileReference section */

/* Begin PBXFrameworksBuildPhase section */
		F5DAABB127A1F1F600C8144C /* Frameworks */ = {
			isa = PBXFrameworksBuildPhase;
			buildActionMask = 2147483647;
			files = (
			);
			runOnlyForDeploymentPostprocessing = 0;
		};
/* End PBXFrameworksBuildPhase section */

/* Begin PBXGroup section */
		F5C0E2A027AA2DE60012438E /* Model */ = {
			isa = PBXGroup;
			children = (
				F5C0E2A127AA2DF60012438E /* FruitModel.swift */,
			);
			path = Model;
			sourceTree = "<group>";
		};
		F5C0E2A327AA2EA00012438E /* Data */ = {
			isa = PBXGroup;
			children = (
				F5C0E2A427AA2EAF0012438E /* FruitData.swift */,
			);
			path = Data;
			sourceTree = "<group>";
		};
		F5DAABAB27A1F1F600C8144C = {
			isa = PBXGroup;
			children = (
				F5DAABB627A1F1F600C8144C /* Fructus */,
				F5DAABB527A1F1F600C8144C /* Products */,
			);
			sourceTree = "<group>";
		};
		F5DAABB527A1F1F600C8144C /* Products */ = {
			isa = PBXGroup;
			children = (
				F5DAABB427A1F1F600C8144C /* Fructus.app */,
			);
			name = Products;
			sourceTree = "<group>";
		};
		F5DAABB627A1F1F600C8144C /* Fructus */ = {
			isa = PBXGroup;
			children = (
				F5C0E2A327AA2EA00012438E /* Data */,
				F5C0E2A027AA2DE60012438E /* Model */,
				F5DAABC627A1F50000C8144C /* View */,
				F5DAABC527A1F4FA00C8144C /* App */,
				F5DAABBB27A1F1F900C8144C /* Assets.xcassets */,
				F5DAABBD27A1F1F900C8144C /* Preview Content */,
			);
			path = Fructus;
			sourceTree = "<group>";
		};
		F5DAABBD27A1F1F900C8144C /* Preview Content */ = {
			isa = PBXGroup;
			children = (
				F5DAABBE27A1F1F900C8144C /* Preview Assets.xcassets */,
			);
			path = "Preview Content";
			sourceTree = "<group>";
		};
		F5DAABC527A1F4FA00C8144C /* App */ = {
			isa = PBXGroup;
			children = (
				F5C0E2A827AA41690012438E /* FruitDetailView.swift */,
				F5DAABB727A1F1F600C8144C /* FructusApp.swift */,
				F5DAABB927A1F1F600C8144C /* ContentView.swift */,
				F5C0E29E27AA2C920012438E /* OnboardingView.swift */,
				F5C8A02527AE0EE600F33F28 /* SettingsView.swift */,
			);
			path = App;
			sourceTree = "<group>";
		};
		F5DAABC627A1F50000C8144C /* View */ = {
			isa = PBXGroup;
			children = (
				F5C8A02127AE071800F33F28 /* SourceLinkView.swift */,
				F5DAABC727A1F52000C8144C /* FruitCardView.swift */,
				F5C0E29C27AA246A0012438E /* StartButtonView.swift */,
				F5C0E2A627AA3CB90012438E /* FruitRowView.swift */,
				F5C8A01F27AE00F300F33F28 /* FruitHeaderView.swift */,
				F5C8A02327AE0A1900F33F28 /* FruitNutrientsView.swift */,
				F5C8A02727C9948000F33F28 /* SettingsLabelView.swift */,
				F5C8A02927C998D900F33F28 /* SettingsRowView.swift */,
			);
			path = View;
			sourceTree = "<group>";
		};
/* End PBXGroup section */

/* Begin PBXNativeTarget section */
		F5DAABB327A1F1F600C8144C /* Fructus */ = {
			isa = PBXNativeTarget;
			buildConfigurationList = F5DAABC227A1F1F900C8144C /* Build configuration list for PBXNativeTarget "Fructus" */;
			buildPhases = (
				F5DAABB027A1F1F600C8144C /* Sources */,
				F5DAABB127A1F1F600C8144C /* Frameworks */,
				F5DAABB227A1F1F600C8144C /* Resources */,
			);
			buildRules = (
			);
			dependencies = (
			);
			name = Fructus;
			productName = Fructus;
			productReference = F5DAABB427A1F1F600C8144C /* Fructus.app */;
			productType = "com.apple.product-type.application";
		};
/* End PBXNativeTarget section */

/* Begin PBXProject section */
		F5DAABAC27A1F1F600C8144C /* Project object */ = {
			isa = PBXProject;
			attributes = {
				BuildIndependentTargetsInParallel = 1;
				LastSwiftUpdateCheck = 1320;
				LastUpgradeCheck = 1320;
				TargetAttributes = {
					F5DAABB327A1F1F600C8144C = {
						CreatedOnToolsVersion = 13.2.1;
					};
				};
			};
			buildConfigurationList = F5DAABAF27A1F1F600C8144C /* Build configuration list for PBXProject "Fructus" */;
			compatibilityVersion = "Xcode 13.0";
			developmentRegion = en;
			hasScannedForEncodings = 0;
			knownRegions = (
				en,
				Base,
			);
			mainGroup = F5DAABAB27A1F1F600C8144C;
			productRefGroup = F5DAABB527A1F1F600C8144C /* Products */;
			projectDirPath = "";
			projectRoot = "";
			targets = (
				F5DAABB327A1F1F600C8144C /* Fructus */,
			);
		};
/* End PBXProject section */

/* Begin PBXResourcesBuildPhase section */
		F5DAABB227A1F1F600C8144C /* Resources */ = {
			isa = PBXResourcesBuildPhase;
			buildActionMask = 2147483647;
			files = (
				F5DAABBF27A1F1F900C8144C /* Preview Assets.xcassets in Resources */,
				F5DAABBC27A1F1F900C8144C /* Assets.xcassets in Resources */,
			);
			runOnlyForDeploymentPostprocessing = 0;
		};
/* End PBXResourcesBuildPhase section */

/* Begin PBXSourcesBuildPhase section */
		F5DAABB027A1F1F600C8144C /* Sources */ = {
			isa = PBXSourcesBuildPhase;
			buildActionMask = 2147483647;
			files = (
				F5C0E2A527AA2EAF0012438E /* FruitData.swift in Sources */,
				F5C8A02227AE071800F33F28 /* SourceLinkView.swift in Sources */,
				F5C8A02A27C998D900F33F28 /* SettingsRowView.swift in Sources */,
				F5DAABC827A1F52000C8144C /* FruitCardView.swift in Sources */,
				F5C0E2A727AA3CB90012438E /* FruitRowView.swift in Sources */,
				F5C8A02427AE0A1900F33F28 /* FruitNutrientsView.swift in Sources */,
				F5C0E29D27AA246A0012438E /* StartButtonView.swift in Sources */,
				F5C0E2A927AA41690012438E /* FruitDetailView.swift in Sources */,
				F5DAABBA27A1F1F600C8144C /* ContentView.swift in Sources */,
				F5C8A02027AE00F300F33F28 /* FruitHeaderView.swift in Sources */,
				F5C0E29F27AA2C920012438E /* OnboardingView.swift in Sources */,
				F5C8A02827C9948000F33F28 /* SettingsLabelView.swift in Sources */,
				F5C0E2A227AA2DF60012438E /* FruitModel.swift in Sources */,
				F5DAABB827A1F1F600C8144C /* FructusApp.swift in Sources */,
				F5C8A02627AE0EE600F33F28 /* SettingsView.swift in Sources */,
			);
			runOnlyForDeploymentPostprocessing = 0;
		};
/* End PBXSourcesBuildPhase section */

/* Begin XCBuildConfiguration section */
		F5DAABC027A1F1F900C8144C /* Debug */ = {
			isa = XCBuildConfiguration;
			buildSettings = {
				ALWAYS_SEARCH_USER_PATHS = NO;
				CLANG_ANALYZER_NONNULL = YES;
				CLANG_ANALYZER_NUMBER_OBJECT_CONVERSION = YES_AGGRESSIVE;
				CLANG_CXX_LANGUAGE_STANDARD = "gnu++17";
				CLANG_CXX_LIBRARY = "libc++";
				CLANG_ENABLE_MODULES = YES;
				CLANG_ENABLE_OBJC_ARC = YES;
				CLANG_ENABLE_OBJC_WEAK = YES;
				CLANG_WARN_BLOCK_CAPTURE_AUTORELEASING = YES;
				CLANG_WARN_BOOL_CONVERSION = YES;
				CLANG_WARN_COMMA = YES;
				CLANG_WARN_CONSTANT_CONVERSION = YES;
				CLANG_WARN_DEPRECATED_OBJC_IMPLEMENTATIONS = YES;
				CLANG_WARN_DIRECT_OBJC_ISA_USAGE = YES_ERROR;
				CLANG_WARN_DOCUMENTATION_COMMENTS = YES;
				CLANG_WARN_EMPTY_BODY = YES;
				CLANG_WARN_ENUM_CONVERSION = YES;
				CLANG_WARN_INFINITE_RECURSION = YES;
				CLANG_WARN_INT_CONVERSION = YES;
				CLANG_WARN_NON_LITERAL_NULL_CONVERSION = YES;
				CLANG_WARN_OBJC_IMPLICIT_RETAIN_SELF = YES;
				CLANG_WARN_OBJC_LITERAL_CONVERSION = YES;
				CLANG_WARN_OBJC_ROOT_CLASS = YES_ERROR;
				CLANG_WARN_QUOTED_INCLUDE_IN_FRAMEWORK_HEADER = YES;
				CLANG_WARN_RANGE_LOOP_ANALYSIS = YES;
				CLANG_WARN_STRICT_PROTOTYPES = YES;
				CLANG_WARN_SUSPICIOUS_MOVE = YES;
				CLANG_WARN_UNGUARDED_AVAILABILITY = YES_AGGRESSIVE;
				CLANG_WARN_UNREACHABLE_CODE = YES;
				CLANG_WARN__DUPLICATE_METHOD_MATCH = YES;
				COPY_PHASE_STRIP = NO;
				DEBUG_INFORMATION_FORMAT = dwarf;
				ENABLE_STRICT_OBJC_MSGSEND = YES;
				ENABLE_TESTABILITY = YES;
				GCC_C_LANGUAGE_STANDARD = gnu11;
				GCC_DYNAMIC_NO_PIC = NO;
				GCC_NO_COMMON_BLOCKS = YES;
				GCC_OPTIMIZATION_LEVEL = 0;
				GCC_PREPROCESSOR_DEFINITIONS = (
					"DEBUG=1",
					"$(inherited)",
				);
				GCC_WARN_64_TO_32_BIT_CONVERSION = YES;
				GCC_WARN_ABOUT_RETURN_TYPE = YES_ERROR;
				GCC_WARN_UNDECLARED_SELECTOR = YES;
				GCC_WARN_UNINITIALIZED_AUTOS = YES_AGGRESSIVE;
				GCC_WARN_UNUSED_FUNCTION = YES;
				GCC_WARN_UNUSED_VARIABLE = YES;
				IPHONEOS_DEPLOYMENT_TARGET = 15.2;
				MTL_ENABLE_DEBUG_INFO = INCLUDE_SOURCE;
				MTL_FAST_MATH = YES;
				ONLY_ACTIVE_ARCH = YES;
				SDKROOT = iphoneos;
				SWIFT_ACTIVE_COMPILATION_CONDITIONS = DEBUG;
				SWIFT_OPTIMIZATION_LEVEL = "-Onone";
			};
			name = Debug;
		};
		F5DAABC127A1F1F900C8144C /* Release */ = {
			isa = XCBuildConfiguration;
			buildSettings = {
				ALWAYS_SEARCH_USER_PATHS = NO;
				CLANG_ANALYZER_NONNULL = YES;
				CLANG_ANALYZER_NUMBER_OBJECT_CONVERSION = YES_AGGRESSIVE;
				CLANG_CXX_LANGUAGE_STANDARD = "gnu++17";
				CLANG_CXX_LIBRARY = "libc++";
				CLANG_ENABLE_MODULES = YES;
				CLANG_ENABLE_OBJC_ARC = YES;
				CLANG_ENABLE_OBJC_WEAK = YES;
				CLANG_WARN_BLOCK_CAPTURE_AUTORELEASING = YES;
				CLANG_WARN_BOOL_CONVERSION = YES;
				CLANG_WARN_COMMA = YES;
				CLANG_WARN_CONSTANT_CONVERSION = YES;
				CLANG_WARN_DEPRECATED_OBJC_IMPLEMENTATIONS = YES;
				CLANG_WARN_DIRECT_OBJC_ISA_USAGE = YES_ERROR;
				CLANG_WARN_DOCUMENTATION_COMMENTS = YES;
				CLANG_WARN_EMPTY_BODY = YES;
				CLANG_WARN_ENUM_CONVERSION = YES;
				CLANG_WARN_INFINITE_RECURSION = YES;
				CLANG_WARN_INT_CONVERSION = YES;
				CLANG_WARN_NON_LITERAL_NULL_CONVERSION = YES;
				CLANG_WARN_OBJC_IMPLICIT_RETAIN_SELF = YES;
				CLANG_WARN_OBJC_LITERAL_CONVERSION = YES;
				CLANG_WARN_OBJC_ROOT_CLASS = YES_ERROR;
				CLANG_WARN_QUOTED_INCLUDE_IN_FRAMEWORK_HEADER = YES;
				CLANG_WARN_RANGE_LOOP_ANALYSIS = YES;
				CLANG_WARN_STRICT_PROTOTYPES = YES;
				CLANG_WARN_SUSPICIOUS_MOVE = YES;
				CLANG_WARN_UNGUARDED_AVAILABILITY = YES_AGGRESSIVE;
				CLANG_WARN_UNREACHABLE_CODE = YES;
				CLANG_WARN__DUPLICATE_METHOD_MATCH = YES;
				COPY_PHASE_STRIP = NO;
				DEBUG_INFORMATION_FORMAT = "dwarf-with-dsym";
				ENABLE_NS_ASSERTIONS = NO;
				ENABLE_STRICT_OBJC_MSGSEND = YES;
				GCC_C_LANGUAGE_STANDARD = gnu11;
				GCC_NO_COMMON_BLOCKS = YES;
				GCC_WARN_64_TO_32_BIT_CONVERSION = YES;
				GCC_WARN_ABOUT_RETURN_TYPE = YES_ERROR;
				GCC_WARN_UNDECLARED_SELECTOR = YES;
				GCC_WARN_UNINITIALIZED_AUTOS = YES_AGGRESSIVE;
				GCC_WARN_UNUSED_FUNCTION = YES;
				GCC_WARN_UNUSED_VARIABLE = YES;
				IPHONEOS_DEPLOYMENT_TARGET = 15.2;
				MTL_ENABLE_DEBUG_INFO = NO;
				MTL_FAST_MATH = YES;
				SDKROOT = iphoneos;
				SWIFT_COMPILATION_MODE = wholemodule;
				SWIFT_OPTIMIZATION_LEVEL = "-O";
				VALIDATE_PRODUCT = YES;
			};
			name = Release;
		};
		F5DAABC327A1F1F900C8144C /* Debug */ = {
			isa = XCBuildConfiguration;
			buildSettings = {
				ASSETCATALOG_COMPILER_APPICON_NAME = AppIcon;
				ASSETCATALOG_COMPILER_GLOBAL_ACCENT_COLOR_NAME = AccentColor;
				CODE_SIGN_STYLE = Automatic;
				CURRENT_PROJECT_VERSION = 1;
				DEVELOPMENT_ASSET_PATHS = "\"Fructus/Preview Content\"";
				DEVELOPMENT_TEAM = F6C9X4WWW5;
				ENABLE_PREVIEWS = YES;
				GENERATE_INFOPLIST_FILE = YES;
				INFOPLIST_KEY_UIApplicationSceneManifest_Generation = YES;
				INFOPLIST_KEY_UIApplicationSupportsIndirectInputEvents = YES;
				INFOPLIST_KEY_UILaunchScreen_Generation = YES;
				INFOPLIST_KEY_UISupportedInterfaceOrientations = UIInterfaceOrientationPortrait;
				INFOPLIST_KEY_UISupportedInterfaceOrientations_iPad = "UIInterfaceOrientationPortrait UIInterfaceOrientationPortraitUpsideDown UIInterfaceOrientationLandscapeLeft UIInterfaceOrientationLandscapeRight";
				INFOPLIST_KEY_UISupportedInterfaceOrientations_iPhone = UIInterfaceOrientationPortrait;
				LD_RUNPATH_SEARCH_PATHS = (
					"$(inherited)",
					"@executable_path/Frameworks",
				);
				MARKETING_VERSION = 1.0;
				PRODUCT_BUNDLE_IDENTIFIER = com.jacs.Fructus;
				PRODUCT_NAME = "$(TARGET_NAME)";
				SWIFT_EMIT_LOC_STRINGS = YES;
				SWIFT_VERSION = 5.0;
				TARGETED_DEVICE_FAMILY = "1,2";
			};
			name = Debug;
		};
		F5DAABC427A1F1F900C8144C /* Release */ = {
			isa = XCBuildConfiguration;
			buildSettings = {
				ASSETCATALOG_COMPILER_APPICON_NAME = AppIcon;
				ASSETCATALOG_COMPILER_GLOBAL_ACCENT_COLOR_NAME = AccentColor;
				CODE_SIGN_STYLE = Automatic;
				CURRENT_PROJECT_VERSION = 1;
				DEVELOPMENT_ASSET_PATHS = "\"Fructus/Preview Content\"";
				DEVELOPMENT_TEAM = F6C9X4WWW5;
				ENABLE_PREVIEWS = YES;
				GENERATE_INFOPLIST_FILE = YES;
				INFOPLIST_KEY_UIApplicationSceneManifest_Generation = YES;
				INFOPLIST_KEY_UIApplicationSupportsIndirectInputEvents = YES;
				INFOPLIST_KEY_UILaunchScreen_Generation = YES;
				INFOPLIST_KEY_UISupportedInterfaceOrientations = UIInterfaceOrientationPortrait;
				INFOPLIST_KEY_UISupportedInterfaceOrientations_iPad = "UIInterfaceOrientationPortrait UIInterfaceOrientationPortraitUpsideDown UIInterfaceOrientationLandscapeLeft UIInterfaceOrientationLandscapeRight";
				INFOPLIST_KEY_UISupportedInterfaceOrientations_iPhone = UIInterfaceOrientationPortrait;
				LD_RUNPATH_SEARCH_PATHS = (
					"$(inherited)",
					"@executable_path/Frameworks",
				);
				MARKETING_VERSION = 1.0;
				PRODUCT_BUNDLE_IDENTIFIER = com.jacs.Fructus;
				PRODUCT_NAME = "$(TARGET_NAME)";
				SWIFT_EMIT_LOC_STRINGS = YES;
				SWIFT_VERSION = 5.0;
				TARGETED_DEVICE_FAMILY = "1,2";
			};
			name = Release;
		};
/* End XCBuildConfiguration section */

/* Begin XCConfigurationList section */
		F5DAABAF27A1F1F600C8144C /* Build configuration list for PBXProject "Fructus" */ = {
			isa = XCConfigurationList;
			buildConfigurations = (
				F5DAABC027A1F1F900C8144C /* Debug */,
				F5DAABC127A1F1F900C8144C /* Release */,
			);
			defaultConfigurationIsVisible = 0;
			defaultConfigurationName = Release;
		};
		F5DAABC227A1F1F900C8144C /* Build configuration list for PBXNativeTarget "Fructus" */ = {
			isa = XCConfigurationList;
			buildConfigurations = (
				F5DAABC327A1F1F900C8144C /* Debug */,
				F5DAABC427A1F1F900C8144C /* Release */,
			);
			defaultConfigurationIsVisible = 0;
			defaultConfigurationName = Release;
		};
/* End XCConfigurationList section */
	};
	rootObject = F5DAABAC27A1F1F600C8144C /* Project object */;
}
